// !$*UTF8*$!
{
	archiveVersion = 1;
	classes = {
	};
	objectVersion = 50;
	objects = {

/* Begin PBXBuildFile section */
		1838ACEC2186D63E0037F93D /* AppDelegate.swift in Sources */ = {isa = PBXBuildFile; fileRef = 1838ACEB2186D63E0037F93D /* AppDelegate.swift */; };
		1838ACEE2186D63E0037F93D /* ViewController.swift in Sources */ = {isa = PBXBuildFile; fileRef = 1838ACED2186D63E0037F93D /* ViewController.swift */; };
		1838ACF12186D63F0037F93D /* Main.storyboard in Resources */ = {isa = PBXBuildFile; fileRef = 1838ACEF2186D63F0037F93D /* Main.storyboard */; };
		1838ACF32186D6410037F93D /* Assets.xcassets in Resources */ = {isa = PBXBuildFile; fileRef = 1838ACF22186D6410037F93D /* Assets.xcassets */; };
		1838ACF62186D6410037F93D /* LaunchScreen.storyboard in Resources */ = {isa = PBXBuildFile; fileRef = 1838ACF42186D6410037F93D /* LaunchScreen.storyboard */; };
		1838ACFE2186D84C0037F93D /* UserDetailTableViewCell.swift in Sources */ = {isa = PBXBuildFile; fileRef = 1838ACFD2186D84C0037F93D /* UserDetailTableViewCell.swift */; };
		1838AD002186DAC20037F93D /* ApiHelper.swift in Sources */ = {isa = PBXBuildFile; fileRef = 1838ACFF2186DAC20037F93D /* ApiHelper.swift */; };
		1838AD042186E1A60037F93D /* Extensions.swift in Sources */ = {isa = PBXBuildFile; fileRef = 1838AD032186E1A60037F93D /* Extensions.swift */; };
		1838AD062186E3100037F93D /* UserDataModel.swift in Sources */ = {isa = PBXBuildFile; fileRef = 1838AD052186E3100037F93D /* UserDataModel.swift */; };
		1838AD082187134B0037F93D /* EditDataViewController.swift in Sources */ = {isa = PBXBuildFile; fileRef = 1838AD072187134B0037F93D /* EditDataViewController.swift */; };
/* End PBXBuildFile section */

/* Begin PBXFileReference section */
		1838ACE82186D63E0037F93D /* Mahesh System Task.app */ = {isa = PBXFileReference; explicitFileType = wrapper.application; includeInIndex = 0; path = "Mahesh System Task.app"; sourceTree = BUILT_PRODUCTS_DIR; };
		1838ACEB2186D63E0037F93D /* AppDelegate.swift */ = {isa = PBXFileReference; lastKnownFileType = sourcecode.swift; path = AppDelegate.swift; sourceTree = "<group>"; };
		1838ACED2186D63E0037F93D /* ViewController.swift */ = {isa = PBXFileReference; lastKnownFileType = sourcecode.swift; path = ViewController.swift; sourceTree = "<group>"; };
		1838ACF02186D63F0037F93D /* Base */ = {isa = PBXFileReference; lastKnownFileType = file.storyboard; name = Base; path = Base.lproj/Main.storyboard; sourceTree = "<group>"; };
		1838ACF22186D6410037F93D /* Assets.xcassets */ = {isa = PBXFileReference; lastKnownFileType = folder.assetcatalog; path = Assets.xcassets; sourceTree = "<group>"; };
		1838ACF52186D6410037F93D /* Base */ = {isa = PBXFileReference; lastKnownFileType = file.storyboard; name = Base; path = Base.lproj/LaunchScreen.storyboard; sourceTree = "<group>"; };
		1838ACF72186D6410037F93D /* Info.plist */ = {isa = PBXFileReference; lastKnownFileType = text.plist.xml; path = Info.plist; sourceTree = "<group>"; };
		1838ACFD2186D84C0037F93D /* UserDetailTableViewCell.swift */ = {isa = PBXFileReference; lastKnownFileType = sourcecode.swift; path = UserDetailTableViewCell.swift; sourceTree = "<group>"; };
		1838ACFF2186DAC20037F93D /* ApiHelper.swift */ = {isa = PBXFileReference; lastKnownFileType = sourcecode.swift; path = ApiHelper.swift; sourceTree = "<group>"; };
		1838AD032186E1A60037F93D /* Extensions.swift */ = {isa = PBXFileReference; lastKnownFileType = sourcecode.swift; path = Extensions.swift; sourceTree = "<group>"; };
		1838AD052186E3100037F93D /* UserDataModel.swift */ = {isa = PBXFileReference; lastKnownFileType = sourcecode.swift; path = UserDataModel.swift; sourceTree = "<group>"; };
		1838AD072187134B0037F93D /* EditDataViewController.swift */ = {isa = PBXFileReference; lastKnownFileType = sourcecode.swift; path = EditDataViewController.swift; sourceTree = "<group>"; };
/* End PBXFileReference section */

/* Begin PBXFrameworksBuildPhase section */
		1838ACE52186D63E0037F93D /* Frameworks */ = {
			isa = PBXFrameworksBuildPhase;
			buildActionMask = 2147483647;
			files = (
			);
			runOnlyForDeploymentPostprocessing = 0;
		};
/* End PBXFrameworksBuildPhase section */

/* Begin PBXGroup section */
		1838ACDF2186D63E0037F93D = {
			isa = PBXGroup;
			children = (
				1838ACEA2186D63E0037F93D /* Mahesh System Task */,
				1838ACE92186D63E0037F93D /* Products */,
			);
			sourceTree = "<group>";
		};
		1838ACE92186D63E0037F93D /* Products */ = {
			isa = PBXGroup;
			children = (
				1838ACE82186D63E0037F93D /* Mahesh System Task.app */,
			);
			name = Products;
			sourceTree = "<group>";
		};
		1838ACEA2186D63E0037F93D /* Mahesh System Task */ = {
			isa = PBXGroup;
			children = (
				1838ACEB2186D63E0037F93D /* AppDelegate.swift */,
				184D8CF521871F5C00BF071D /* Model */,
				184D8CF421871F4E00BF071D /* View */,
				184D8CF321871F1C00BF071D /* Controller */,
				1838ACF22186D6410037F93D /* Assets.xcassets */,
				1838ACF42186D6410037F93D /* LaunchScreen.storyboard */,
				1838ACF72186D6410037F93D /* Info.plist */,
			);
			path = "Mahesh System Task";
			sourceTree = "<group>";
		};
		184D8CF321871F1C00BF071D /* Controller */ = {
			isa = PBXGroup;
			children = (
				1838ACED2186D63E0037F93D /* ViewController.swift */,
				1838AD072187134B0037F93D /* EditDataViewController.swift */,
				1838ACFD2186D84C0037F93D /* UserDetailTableViewCell.swift */,
			);
			path = Controller;
			sourceTree = "<group>";
		};
		184D8CF421871F4E00BF071D /* View */ = {
			isa = PBXGroup;
			children = (
				1838ACEF2186D63F0037F93D /* Main.storyboard */,
			);
			path = View;
			sourceTree = "<group>";
		};
		184D8CF521871F5C00BF071D /* Model */ = {
			isa = PBXGroup;
			children = (
				1838ACFF2186DAC20037F93D /* ApiHelper.swift */,
				1838AD032186E1A60037F93D /* Extensions.swift */,
				1838AD052186E3100037F93D /* UserDataModel.swift */,
			);
			path = Model;
			sourceTree = "<group>";
		};
/* End PBXGroup section */

/* Begin PBXNativeTarget section */
		1838ACE72186D63E0037F93D /* Mahesh System Task */ = {
			isa = PBXNativeTarget;
			buildConfigurationList = 1838ACFA2186D6410037F93D /* Build configuration list for PBXNativeTarget "Mahesh System Task" */;
			buildPhases = (
				1838ACE42186D63E0037F93D /* Sources */,
				1838ACE52186D63E0037F93D /* Frameworks */,
				1838ACE62186D63E0037F93D /* Resources */,
			);
			buildRules = (
			);
			dependencies = (
			);
			name = "Mahesh System Task";
			productName = "Mahesh System Task";
			productReference = 1838ACE82186D63E0037F93D /* Mahesh System Task.app */;
			productType = "com.apple.product-type.application";
		};
/* End PBXNativeTarget section */

/* Begin PBXProject section */
		1838ACE02186D63E0037F93D /* Project object */ = {
			isa = PBXProject;
			attributes = {
				LastSwiftUpdateCheck = 1000;
				LastUpgradeCheck = 1000;
				ORGANIZATIONNAME = Mahesh;
				TargetAttributes = {
					1838ACE72186D63E0037F93D = {
						CreatedOnToolsVersion = 10.0;
					};
				};
			};
			buildConfigurationList = 1838ACE32186D63E0037F93D /* Build configuration list for PBXProject "Mahesh System Task" */;
			compatibilityVersion = "Xcode 9.3";
			developmentRegion = en;
			hasScannedForEncodings = 0;
			knownRegions = (
				en,
				Base,
			);
			mainGroup = 1838ACDF2186D63E0037F93D;
			productRefGroup = 1838ACE92186D63E0037F93D /* Products */;
			projectDirPath = "";
			projectRoot = "";
			targets = (
				1838ACE72186D63E0037F93D /* Mahesh System Task */,
			);
		};
/* End PBXProject section */

/* Begin PBXResourcesBuildPhase section */
		1838ACE62186D63E0037F93D /* Resources */ = {
			isa = PBXResourcesBuildPhase;
			buildActionMask = 2147483647;
			files = (
				1838ACF62186D6410037F93D /* LaunchScreen.storyboard in Resources */,
				1838ACF32186D6410037F93D /* Assets.xcassets in Resources */,
				1838ACF12186D63F0037F93D /* Main.storyboard in Resources */,
			);
			runOnlyForDeploymentPostprocessing = 0;
		};
/* End PBXResourcesBuildPhase section */

/* Begin PBXSourcesBuildPhase section */
		1838ACE42186D63E0037F93D /* Sources */ = {
			isa = PBXSourcesBuildPhase;
			buildActionMask = 2147483647;
			files = (
				1838AD062186E3100037F93D /* UserDataModel.swift in Sources */,
				1838AD082187134B0037F93D /* EditDataViewController.swift in Sources */,
				1838AD042186E1A60037F93D /* Extensions.swift in Sources */,
				1838AD002186DAC20037F93D /* ApiHelper.swift in Sources */,
				1838ACEE2186D63E0037F93D /* ViewController.swift in Sources */,
				1838ACFE2186D84C0037F93D /* UserDetailTableViewCell.swift in Sources */,
				1838ACEC2186D63E0037F93D /* AppDelegate.swift in Sources */,
			);
			runOnlyForDeploymentPostprocessing = 0;
		};
/* End PBXSourcesBuildPhase section */

/* Begin PBXVariantGroup section */
		1838ACEF2186D63F0037F93D /* Main.storyboard */ = {
			isa = PBXVariantGroup;
			children = (
				1838ACF02186D63F0037F93D /* Base */,
			);
			name = Main.storyboard;
			sourceTree = "<group>";
		};
		1838ACF42186D6410037F93D /* LaunchScreen.storyboard */ = {
			isa = PBXVariantGroup;
			children = (
				1838ACF52186D6410037F93D /* Base */,
			);
			name = LaunchScreen.storyboard;
			sourceTree = "<group>";
		};
/* End PBXVariantGroup section */

/* Begin XCBuildConfiguration section */
		1838ACF82186D6410037F93D /* Debug */ = {
			isa = XCBuildConfiguration;
			buildSettings = {
				ALWAYS_SEARCH_USER_PATHS = NO;
				CLANG_ANALYZER_NONNULL = YES;
				CLANG_ANALYZER_NUMBER_OBJECT_CONVERSION = YES_AGGRESSIVE;
				CLANG_CXX_LANGUAGE_STANDARD = "gnu++14";
				CLANG_CXX_LIBRARY = "libc++";
				CLANG_ENABLE_MODULES = YES;
				CLANG_ENABLE_OBJC_ARC = YES;
				CLANG_ENABLE_OBJC_WEAK = YES;
				CLANG_WARN_BLOCK_CAPTURE_AUTORELEASING = YES;
				CLANG_WARN_BOOL_CONVERSION = YES;
				CLANG_WARN_COMMA = YES;
				CLANG_WARN_CONSTANT_CONVERSION = YES;
				CLANG_WARN_DEPRECATED_OBJC_IMPLEMENTATIONS = YES;
				CLANG_WARN_DIRECT_OBJC_ISA_USAGE = YES_ERROR;
				CLANG_WARN_DOCUMENTATION_COMMENTS = YES;
				CLANG_WARN_EMPTY_BODY = YES;
				CLANG_WARN_ENUM_CONVERSION = YES;
				CLANG_WARN_INFINITE_RECURSION = YES;
				CLANG_WARN_INT_CONVERSION = YES;
				CLANG_WARN_NON_LITERAL_NULL_CONVERSION = YES;
				CLANG_WARN_OBJC_IMPLICIT_RETAIN_SELF = YES;
				CLANG_WARN_OBJC_LITERAL_CONVERSION = YES;
				CLANG_WARN_OBJC_ROOT_CLASS = YES_ERROR;
				CLANG_WARN_RANGE_LOOP_ANALYSIS = YES;
				CLANG_WARN_STRICT_PROTOTYPES = YES;
				CLANG_WARN_SUSPICIOUS_MOVE = YES;
				CLANG_WARN_UNGUARDED_AVAILABILITY = YES_AGGRESSIVE;
				CLANG_WARN_UNREACHABLE_CODE = YES;
				CLANG_WARN__DUPLICATE_METHOD_MATCH = YES;
				CODE_SIGN_IDENTITY = "iPhone Developer";
				COPY_PHASE_STRIP = NO;
				DEBUG_INFORMATION_FORMAT = dwarf;
				ENABLE_STRICT_OBJC_MSGSEND = YES;
				ENABLE_TESTABILITY = YES;
				GCC_C_LANGUAGE_STANDARD = gnu11;
				GCC_DYNAMIC_NO_PIC = NO;
				GCC_NO_COMMON_BLOCKS = YES;
				GCC_OPTIMIZATION_LEVEL = 0;
				GCC_PREPROCESSOR_DEFINITIONS = (
					"DEBUG=1",
					"$(inherited)",
				);
				GCC_WARN_64_TO_32_BIT_CONVERSION = YES;
				GCC_WARN_ABOUT_RETURN_TYPE = YES_ERROR;
				GCC_WARN_UNDECLARED_SELECTOR = YES;
				GCC_WARN_UNINITIALIZED_AUTOS = YES_AGGRESSIVE;
				GCC_WARN_UNUSED_FUNCTION = YES;
				GCC_WARN_UNUSED_VARIABLE = YES;
				IPHONEOS_DEPLOYMENT_TARGET = 12.0;
				MTL_ENABLE_DEBUG_INFO = INCLUDE_SOURCE;
				MTL_FAST_MATH = YES;
				ONLY_ACTIVE_ARCH = YES;
				SDKROOT = iphoneos;
				SWIFT_ACTIVE_COMPILATION_CONDITIONS = DEBUG;
				SWIFT_OPTIMIZATION_LEVEL = "-Onone";
			};
			name = Debug;
		};
		1838ACF92186D6410037F93D /* Release */ = {
			isa = XCBuildConfiguration;
			buildSettings = {
				ALWAYS_SEARCH_USER_PATHS = NO;
				CLANG_ANALYZER_NONNULL = YES;
				CLANG_ANALYZER_NUMBER_OBJECT_CONVERSION = YES_AGGRESSIVE;
				CLANG_CXX_LANGUAGE_STANDARD = "gnu++14";
				CLANG_CXX_LIBRARY = "libc++";
				CLANG_ENABLE_MODULES = YES;
				CLANG_ENABLE_OBJC_ARC = YES;
				CLANG_ENABLE_OBJC_WEAK = YES;
				CLANG_WARN_BLOCK_CAPTURE_AUTORELEASING = YES;
				CLANG_WARN_BOOL_CONVERSION = YES;
				CLANG_WARN_COMMA = YES;
				CLANG_WARN_CONSTANT_CONVERSION = YES;
				CLANG_WARN_DEPRECATED_OBJC_IMPLEMENTATIONS = YES;
				CLANG_WARN_DIRECT_OBJC_ISA_USAGE = YES_ERROR;
				CLANG_WARN_DOCUMENTATION_COMMENTS = YES;
				CLANG_WARN_EMPTY_BODY = YES;
				CLANG_WARN_ENUM_CONVERSION = YES;
				CLANG_WARN_INFINITE_RECURSION = YES;
				CLANG_WARN_INT_CONVERSION = YES;
				CLANG_WARN_NON_LITERAL_NULL_CONVERSION = YES;
				CLANG_WARN_OBJC_IMPLICIT_RETAIN_SELF = YES;
				CLANG_WARN_OBJC_LITERAL_CONVERSION = YES;
				CLANG_WARN_OBJC_ROOT_CLASS = YES_ERROR;
				CLANG_WARN_RANGE_LOOP_ANALYSIS = YES;
				CLANG_WARN_STRICT_PROTOTYPES = YES;
				CLANG_WARN_SUSPICIOUS_MOVE = YES;
				CLANG_WARN_UNGUARDED_AVAILABILITY = YES_AGGRESSIVE;
				CLANG_WARN_UNREACHABLE_CODE = YES;
				CLANG_WARN__DUPLICATE_METHOD_MATCH = YES;
				CODE_SIGN_IDENTITY = "iPhone Developer";
				COPY_PHASE_STRIP = NO;
				DEBUG_INFORMATION_FORMAT = "dwarf-with-dsym";
				ENABLE_NS_ASSERTIONS = NO;
				ENABLE_STRICT_OBJC_MSGSEND = YES;
				GCC_C_LANGUAGE_STANDARD = gnu11;
				GCC_NO_COMMON_BLOCKS = YES;
				GCC_WARN_64_TO_32_BIT_CONVERSION = YES;
				GCC_WARN_ABOUT_RETURN_TYPE = YES_ERROR;
				GCC_WARN_UNDECLARED_SELECTOR = YES;
				GCC_WARN_UNINITIALIZED_AUTOS = YES_AGGRESSIVE;
				GCC_WARN_UNUSED_FUNCTION = YES;
				GCC_WARN_UNUSED_VARIABLE = YES;
				IPHONEOS_DEPLOYMENT_TARGET = 12.0;
				MTL_ENABLE_DEBUG_INFO = NO;
				MTL_FAST_MATH = YES;
				SDKROOT = iphoneos;
				SWIFT_COMPILATION_MODE = wholemodule;
				SWIFT_OPTIMIZATION_LEVEL = "-O";
				VALIDATE_PRODUCT = YES;
			};
			name = Release;
		};
		1838ACFB2186D6410037F93D /* Debug */ = {
			isa = XCBuildConfiguration;
			buildSettings = {
				ASSETCATALOG_COMPILER_APPICON_NAME = AppIcon;
				CODE_SIGN_STYLE = Automatic;
				INFOPLIST_FILE = "Mahesh System Task/Info.plist";
				LD_RUNPATH_SEARCH_PATHS = (
					"$(inherited)",
					"@executable_path/Frameworks",
				);
				PRODUCT_BUNDLE_IDENTIFIER = "Mahesh.Mahesh-System-Task";
				PRODUCT_NAME = "$(TARGET_NAME)";
				SWIFT_VERSION = 4.2;
				TARGETED_DEVICE_FAMILY = "1,2";
			};
			name = Debug;
		};
		1838ACFC2186D6410037F93D /* Release */ = {
			isa = XCBuildConfiguration;
			buildSettings = {
				ASSETCATALOG_COMPILER_APPICON_NAME = AppIcon;
				CODE_SIGN_STYLE = Automatic;
				INFOPLIST_FILE = "Mahesh System Task/Info.plist";
				LD_RUNPATH_SEARCH_PATHS = (
					"$(inherited)",
					"@executable_path/Frameworks",
				);
				PRODUCT_BUNDLE_IDENTIFIER = "Mahesh.Mahesh-System-Task";
				PRODUCT_NAME = "$(TARGET_NAME)";
				SWIFT_VERSION = 4.2;
				TARGETED_DEVICE_FAMILY = "1,2";
			};
			name = Release;
		};
/* End XCBuildConfiguration section */

/* Begin XCConfigurationList section */
		1838ACE32186D63E0037F93D /* Build configuration list for PBXProject "Mahesh System Task" */ = {
			isa = XCConfigurationList;
			buildConfigurations = (
				1838ACF82186D6410037F93D /* Debug */,
				1838ACF92186D6410037F93D /* Release */,
			);
			defaultConfigurationIsVisible = 0;
			defaultConfigurationName = Release;
		};
		1838ACFA2186D6410037F93D /* Build configuration list for PBXNativeTarget "Mahesh System Task" */ = {
			isa = XCConfigurationList;
			buildConfigurations = (
				1838ACFB2186D6410037F93D /* Debug */,
				1838ACFC2186D6410037F93D /* Release */,
			);
			defaultConfigurationIsVisible = 0;
			defaultConfigurationName = Release;
		};
/* End XCConfigurationList section */
	};
	rootObject = 1838ACE02186D63E0037F93D /* Project object */;
}
